
Microsoft Visual Studio Solution File, Format Version 12.00
# Visual Studio Version 17
VisualStudioVersion = 17.9.34607.119
MinimumVisualStudioVersion = 10.0.40219.1
Project("{FAE04EC0-301F-11D3-BF4B-00C04F79EFBC}") = "PersonelSistemi", "PersonelSistemi.csproj", "{EBCAF535-DEF3-4FF8-91F5-B659C3F035B8}"
EndProject
Global
	GlobalSection(SolutionConfigurationPlatforms) = preSolution
		Debug|Any CPU = Debug|Any CPU
		Release|Any CPU = Release|Any CPU
	EndGlobalSection
	GlobalSection(ProjectConfigurationPlatforms) = postSolution
		{EBCAF535-DEF3-4FF8-91F5-B659C3F035B8}.Debug|Any CPU.ActiveCfg = Debug|Any CPU
		{EBCAF535-DEF3-4FF8-91F5-B659C3F035B8}.Debug|Any CPU.Build.0 = Debug|Any CPU
		{EBCAF535-DEF3-4FF8-91F5-B659C3F035B8}.Release|Any CPU.ActiveCfg = Release|Any CPU
		{EBCAF535-DEF3-4FF8-91F5-B659C3F035B8}.Release|Any CPU.Build.0 = Release|Any CPU
	EndGlobalSection
	GlobalSection(SolutionProperties) = preSolution
		HideSolutionNode = FALSE
	EndGlobalSection
	GlobalSection(ExtensibilityGlobals) = postSolution
		SolutionGuid = {AB16F10D-AB8B-4B5C-AD99-91E647B2A666}
	EndGlobalSection
EndGlobal
